
Microsoft Visual Studio Solution File, Format Version 12.00
# Visual Studio 15
VisualStudioVersion = 15.0.26228.4
MinimumVisualStudioVersion = 10.0.40219.1
Project("{FAE04EC0-301F-11D3-BF4B-00C04F79EFBC}") = "TaskManager", "TaskManager\TaskManager.csproj", "{844C863D-FCBA-44EB-B40D-3A8110D21727}"
EndProject
Project("{FAE04EC0-301F-11D3-BF4B-00C04F79EFBC}") = "Test", "Test\Test.csproj", "{43CF173E-7BC1-46D4-BD90-BFAB71FCCDAC}"
EndProject
Global
	GlobalSection(SolutionConfigurationPlatforms) = preSolution
		Debug|Any CPU = Debug|Any CPU
		Release|Any CPU = Release|Any CPU
	EndGlobalSection
	GlobalSection(ProjectConfigurationPlatforms) = postSolution
		{844C863D-FCBA-44EB-B40D-3A8110D21727}.Debug|Any CPU.ActiveCfg = Debug|Any CPU
		{844C863D-FCBA-44EB-B40D-3A8110D21727}.Debug|Any CPU.Build.0 = Debug|Any CPU
		{844C863D-FCBA-44EB-B40D-3A8110D21727}.Release|Any CPU.ActiveCfg = Release|Any CPU
		{844C863D-FCBA-44EB-B40D-3A8110D21727}.Release|Any CPU.Build.0 = Release|Any CPU
		{43CF173E-7BC1-46D4-BD90-BFAB71FCCDAC}.Debug|Any CPU.ActiveCfg = Debug|Any CPU
		{43CF173E-7BC1-46D4-BD90-BFAB71FCCDAC}.Debug|Any CPU.Build.0 = Debug|Any CPU
		{43CF173E-7BC1-46D4-BD90-BFAB71FCCDAC}.Release|Any CPU.ActiveCfg = Release|Any CPU
		{43CF173E-7BC1-46D4-BD90-BFAB71FCCDAC}.Release|Any CPU.Build.0 = Release|Any CPU
	EndGlobalSection
	GlobalSection(SolutionProperties) = preSolution
		HideSolutionNode = FALSE
	EndGlobalSection
EndGlobal
